{
  "requires": true,
  "lockfileVersion": 1,
  "dependencies": {
    "@aws-cdk/assets": {
      "version": "1.45.0",
      "resolved": "https://registry.npmjs.org/@aws-cdk/assets/-/assets-1.45.0.tgz",
      "integrity": "sha512-VcW90IszJGd95RascHmFzcBGVfuMTuVIq1qiP0tHwX35xdxQydeZC5lT5No1bnTW9zATgrzbYAP9WAASkeMQ6A==",
      "dev": true,
      "requires": {
        "@aws-cdk/core": "1.45.0",
        "@aws-cdk/cx-api": "1.45.0",
        "constructs": "^3.0.2"
      }
    },
    "@aws-cdk/aws-cloudformation": {
      "version": "1.45.0",
      "resolved": "https://registry.npmjs.org/@aws-cdk/aws-cloudformation/-/aws-cloudformation-1.45.0.tgz",
      "integrity": "sha512-HchkjqvulM9Qmb5XDMRvxM3+UJih1lYpP4ti+KrsEu3WZ8Bvd6O8GJfcUOHPX8xgYHWC4cpJyRX8DJx6gcjsxQ==",
      "dev": true,
      "requires": {
        "@aws-cdk/aws-iam": "1.45.0",
        "@aws-cdk/aws-lambda": "1.45.0",
        "@aws-cdk/aws-s3": "1.45.0",
        "@aws-cdk/aws-sns": "1.45.0",
        "@aws-cdk/core": "1.45.0",
        "@aws-cdk/cx-api": "1.45.0",
        "constructs": "^3.0.2"
      }
    },
    "@aws-cdk/aws-cloudwatch": {
      "version": "1.45.0",
      "resolved": "https://registry.npmjs.org/@aws-cdk/aws-cloudwatch/-/aws-cloudwatch-1.45.0.tgz",
      "integrity": "sha512-muV1hRUG2WDYiNNsVjrf8shq9+PYDmkNU/CZzMu2tNE7fzAbMO4s7dQjVxooJy3r0PvxmeOu/OSJGOtHu71PWw==",
      "dev": true,
      "requires": {
        "@aws-cdk/aws-iam": "1.45.0",
        "@aws-cdk/core": "1.45.0",
        "constructs": "^3.0.2"
      }
    },
    "@aws-cdk/aws-ec2": {
      "version": "1.45.0",
      "resolved": "https://registry.npmjs.org/@aws-cdk/aws-ec2/-/aws-ec2-1.45.0.tgz",
      "integrity": "sha512-QOMQ4RwFhN+OADY+W36fCs719dSS5AWWg2KZpnJlIuhjTz9eRgzGrwh17BzqtLs/C7RLP7hYS1Jijqk/Tx4sfA==",
      "dev": true,
      "requires": {
        "@aws-cdk/aws-cloudwatch": "1.45.0",
        "@aws-cdk/aws-iam": "1.45.0",
        "@aws-cdk/aws-logs": "1.45.0",
        "@aws-cdk/aws-s3": "1.45.0",
        "@aws-cdk/aws-ssm": "1.45.0",
        "@aws-cdk/cloud-assembly-schema": "1.45.0",
        "@aws-cdk/core": "1.45.0",
        "@aws-cdk/cx-api": "1.45.0",
        "@aws-cdk/region-info": "1.45.0",
        "constructs": "^3.0.2"
      }
    },
    "@aws-cdk/aws-events": {
      "version": "1.45.0",
      "resolved": "https://registry.npmjs.org/@aws-cdk/aws-events/-/aws-events-1.45.0.tgz",
      "integrity": "sha512-OexoSgVmqQw23rd/ULZ0lGVqYm69Rx15vsV7UXBg3T5uPmonZKoIdfufqzUG1LU0YiuAIlpmJEgrvqkkllDcqw==",
      "dev": true,
      "requires": {
        "@aws-cdk/aws-iam": "1.45.0",
        "@aws-cdk/core": "1.45.0",
        "constructs": "^3.0.2"
      }
    },
    "@aws-cdk/aws-iam": {
      "version": "1.45.0",
      "resolved": "https://registry.npmjs.org/@aws-cdk/aws-iam/-/aws-iam-1.45.0.tgz",
      "integrity": "sha512-Ngdl2x9YxRQ2zRzWW+Y7Xu/iEVKeMc3MXYGKuWijw7VDBae6rp4r51pch9Gli+ONpCpZL1+Jw8lsPo5VNJuBLQ==",
      "dev": true,
      "requires": {
        "@aws-cdk/core": "1.45.0",
        "@aws-cdk/region-info": "1.45.0",
        "constructs": "^3.0.2"
      }
    },
    "@aws-cdk/aws-kms": {
      "version": "1.45.0",
      "resolved": "https://registry.npmjs.org/@aws-cdk/aws-kms/-/aws-kms-1.45.0.tgz",
      "integrity": "sha512-WPR0CkKtAU6szhWUTuu+LUmElDDbOqTbHNF+wgk1W6rq1wxHfyn3kW7AM4Dv/fF6VRRotryyDqsbANIqYnkTtA==",
      "dev": true,
      "requires": {
        "@aws-cdk/aws-iam": "1.45.0",
        "@aws-cdk/core": "1.45.0",
        "constructs": "^3.0.2"
      }
    },
    "@aws-cdk/aws-lambda": {
      "version": "1.45.0",
      "resolved": "https://registry.npmjs.org/@aws-cdk/aws-lambda/-/aws-lambda-1.45.0.tgz",
      "integrity": "sha512-rXqxc8rac3UhZbJ101KvKbZ2JWsjaOYewFXO876rTdckCgq4A2DpH4qFmgFj0Ev/aoi3821m8F9WdY5vEinh8Q==",
      "dev": true,
      "requires": {
        "@aws-cdk/aws-cloudwatch": "1.45.0",
        "@aws-cdk/aws-ec2": "1.45.0",
        "@aws-cdk/aws-events": "1.45.0",
        "@aws-cdk/aws-iam": "1.45.0",
        "@aws-cdk/aws-logs": "1.45.0",
        "@aws-cdk/aws-s3": "1.45.0",
        "@aws-cdk/aws-s3-assets": "1.45.0",
        "@aws-cdk/aws-sqs": "1.45.0",
        "@aws-cdk/core": "1.45.0",
        "@aws-cdk/cx-api": "1.45.0",
        "constructs": "^3.0.2"
      }
    },
    "@aws-cdk/aws-logs": {
      "version": "1.45.0",
      "resolved": "https://registry.npmjs.org/@aws-cdk/aws-logs/-/aws-logs-1.45.0.tgz",
      "integrity": "sha512-zktaysJXripb0sgbJXlRH9cdZdTCoRZbQU5raKMFKq+w+fr7Tpor0aslNKXVLEppoX6udbqLAevdSk63IkIFSw==",
      "dev": true,
      "requires": {
        "@aws-cdk/aws-cloudwatch": "1.45.0",
        "@aws-cdk/aws-iam": "1.45.0",
        "@aws-cdk/core": "1.45.0",
        "constructs": "^3.0.2"
      }
    },
    "@aws-cdk/aws-s3": {
      "version": "1.45.0",
      "resolved": "https://registry.npmjs.org/@aws-cdk/aws-s3/-/aws-s3-1.45.0.tgz",
      "integrity": "sha512-8FIt83/Jy08fG/ygtUVRYj0m3xrc6PUKndcLW4ysf+HL+tb7OX0AMPTx3jRKLJwS6VoWGXc0zcKMBrNWUSsglA==",
      "dev": true,
      "requires": {
        "@aws-cdk/aws-events": "1.45.0",
        "@aws-cdk/aws-iam": "1.45.0",
        "@aws-cdk/aws-kms": "1.45.0",
        "@aws-cdk/core": "1.45.0",
        "constructs": "^3.0.2"
      }
    },
    "@aws-cdk/aws-s3-assets": {
      "version": "1.45.0",
      "resolved": "https://registry.npmjs.org/@aws-cdk/aws-s3-assets/-/aws-s3-assets-1.45.0.tgz",
      "integrity": "sha512-ld3c7MSd0M1nofPLclRjm0oGtU136VFOuUK4KYQ75j7Nomg1Xjt9MKdqhJODhAC4Xmg4+8eiac1TC1w8aljTGg==",
      "dev": true,
      "requires": {
        "@aws-cdk/assets": "1.45.0",
        "@aws-cdk/aws-iam": "1.45.0",
        "@aws-cdk/aws-s3": "1.45.0",
        "@aws-cdk/core": "1.45.0",
        "@aws-cdk/cx-api": "1.45.0",
        "constructs": "^3.0.2"
      }
    },
    "@aws-cdk/aws-sns": {
      "version": "1.45.0",
      "resolved": "https://registry.npmjs.org/@aws-cdk/aws-sns/-/aws-sns-1.45.0.tgz",
      "integrity": "sha512-OKsVGSdmTQtWWkXFCUEs080LnL63Ea8cqOOyTpTQEiYqxSDvlQUKPaNKwO8nz9xaI+CF64zlrjed8ud8Lg1sGw==",
      "dev": true,
      "requires": {
        "@aws-cdk/aws-cloudwatch": "1.45.0",
        "@aws-cdk/aws-events": "1.45.0",
        "@aws-cdk/aws-iam": "1.45.0",
        "@aws-cdk/aws-kms": "1.45.0",
        "@aws-cdk/aws-sqs": "1.45.0",
        "@aws-cdk/core": "1.45.0",
        "constructs": "^3.0.2"
      }
    },
    "@aws-cdk/aws-sqs": {
      "version": "1.45.0",
      "resolved": "https://registry.npmjs.org/@aws-cdk/aws-sqs/-/aws-sqs-1.45.0.tgz",
      "integrity": "sha512-klMLsG+aZzUibcmKTAmOgzKnEdIderrEsmvgLW15bnNrtBeCI5xbHQ/sISlPLL1wvp0YZ8kunDndP8JjQnQXBA==",
      "dev": true,
      "requires": {
        "@aws-cdk/aws-cloudwatch": "1.45.0",
        "@aws-cdk/aws-iam": "1.45.0",
        "@aws-cdk/aws-kms": "1.45.0",
        "@aws-cdk/core": "1.45.0",
        "constructs": "^3.0.2"
      }
    },
    "@aws-cdk/aws-ssm": {
      "version": "1.45.0",
      "resolved": "https://registry.npmjs.org/@aws-cdk/aws-ssm/-/aws-ssm-1.45.0.tgz",
      "integrity": "sha512-MqHvPATnpz8XpG/s0Q9SZQJP0Jji03ZeYvfqJO6PsuqTNLNJCMAWP5tJy2t/CxqxSFBI9JlAquj2+0Gyqwqgbg==",
      "dev": true,
      "requires": {
        "@aws-cdk/aws-iam": "1.45.0",
        "@aws-cdk/aws-kms": "1.45.0",
        "@aws-cdk/cloud-assembly-schema": "1.45.0",
        "@aws-cdk/core": "1.45.0",
        "constructs": "^3.0.2"
      }
    },
    "@aws-cdk/cdk-assets-schema": {
      "version": "1.45.0",
      "resolved": "https://registry.npmjs.org/@aws-cdk/cdk-assets-schema/-/cdk-assets-schema-1.45.0.tgz",
      "integrity": "sha512-HvS9IN0RTIwJvldOLj/0FsWSj1h3jqeT9sfNdAW0g7FeFSPu3QtdYeDcSGrOo/4fPXsRFV4bcMqoEEph3x9MgQ==",
      "dev": true,
      "requires": {
        "semver": "^7.2.2"
      },
      "dependencies": {
        "semver": {
          "version": "7.3.2",
          "bundled": true,
          "dev": true
        }
      }
    },
    "@aws-cdk/cloud-assembly-schema": {
      "version": "1.45.0",
      "resolved": "https://registry.npmjs.org/@aws-cdk/cloud-assembly-schema/-/cloud-assembly-schema-1.45.0.tgz",
      "integrity": "sha512-MoQ8580BJYDKzWHNPbn/WiB82A1JdZJXkZ/W0mwR6mi37DOJ6jbycyhGXA9aARw5iNIxqTEAXqGifrUI1ILG+w==",
      "dev": true,
      "requires": {
        "jsonschema": "^1.2.5",
        "semver": "^7.2.2"
      },
      "dependencies": {
        "jsonschema": {
          "version": "1.2.6",
          "bundled": true,
          "dev": true
        },
        "semver": {
          "version": "7.3.2",
          "bundled": true,
          "dev": true
        }
      }
    },
    "@aws-cdk/core": {
      "version": "1.45.0",
      "resolved": "https://registry.npmjs.org/@aws-cdk/core/-/core-1.45.0.tgz",
      "integrity": "sha512-XsUlW5OJi/gRfPbRQp/ps8uqUX6a8KIKXFHbl8sYVoiUWRYOwZq58ffO5EhGL841vZb21xRbgysSfURbWLSlUA==",
      "dev": true,
      "requires": {
        "@aws-cdk/cdk-assets-schema": "1.45.0",
        "@aws-cdk/cloud-assembly-schema": "1.45.0",
        "@aws-cdk/cx-api": "1.45.0",
        "constructs": "^3.0.2",
        "minimatch": "^3.0.4"
      },
      "dependencies": {
        "balanced-match": {
          "version": "1.0.0",
          "bundled": true,
          "dev": true
        },
        "brace-expansion": {
          "version": "1.1.11",
          "bundled": true,
          "dev": true,
          "requires": {
            "balanced-match": "^1.0.0",
            "concat-map": "0.0.1"
          }
        },
        "concat-map": {
          "version": "0.0.1",
          "bundled": true,
          "dev": true
        },
        "minimatch": {
          "version": "3.0.4",
          "bundled": true,
          "dev": true,
          "requires": {
            "brace-expansion": "^1.1.7"
          }
        }
      }
    },
    "@aws-cdk/custom-resources": {
      "version": "1.45.0",
      "resolved": "https://registry.npmjs.org/@aws-cdk/custom-resources/-/custom-resources-1.45.0.tgz",
      "integrity": "sha512-Du19BhdyOUqO6zF0Aw+wIGCVZhKzyH3i1Lq6Z7tqpw/DKo4wqH1od8EY3UG+/ebPxklX8wdbBRFbUVL/AHecHg==",
      "dev": true,
      "requires": {
        "@aws-cdk/aws-cloudformation": "1.45.0",
        "@aws-cdk/aws-iam": "1.45.0",
        "@aws-cdk/aws-lambda": "1.45.0",
        "@aws-cdk/aws-logs": "1.45.0",
        "@aws-cdk/aws-sns": "1.45.0",
        "@aws-cdk/core": "1.45.0",
        "constructs": "^3.0.2"
      }
    },
    "@aws-cdk/cx-api": {
      "version": "1.45.0",
      "resolved": "https://registry.npmjs.org/@aws-cdk/cx-api/-/cx-api-1.45.0.tgz",
      "integrity": "sha512-OQnG2tdnmX4D3LXDchNlzFjj7PhsLte6W/X0lOWhY3ysFZfMhOheB32oTRYLHyYBuRUTFGtOB1TmdT6N4MVQnA==",
      "dev": true,
      "requires": {
        "@aws-cdk/cloud-assembly-schema": "1.45.0",
        "semver": "^7.2.2"
      },
      "dependencies": {
        "semver": {
          "version": "7.3.2",
          "bundled": true,
          "dev": true
        }
      }
    },
    "@aws-cdk/region-info": {
      "version": "1.45.0",
      "resolved": "https://registry.npmjs.org/@aws-cdk/region-info/-/region-info-1.45.0.tgz",
      "integrity": "sha512-kCI8od1ELYL06cEcyD13XH1fc0E5+j8JSpJAjcLriFqk+Vk7VUSsfogo1diqnyrrcApbMRvJMKSvFSmWfzYVCg==",
      "dev": true
    },
    "@types/aws-lambda": {
      "version": "8.10.56",
      "resolved": "https://registry.npmjs.org/@types/aws-lambda/-/aws-lambda-8.10.56.tgz",
      "integrity": "sha512-jaxu5br/KYxhNBNmr2GoVhIUady2zNsvSRCa4kCHW+GcM4ladPhfEyeJkkNMGo/IlVAfpcPYTsSzhYWZoSgZXA==",
      "dev": true
    },
    "@types/node": {
      "version": "14.0.13",
      "resolved": "https://registry.npmjs.org/@types/node/-/node-14.0.13.tgz",
      "integrity": "sha512-rouEWBImiRaSJsVA+ITTFM6ZxibuAlTuNOCyxVbwreu6k6+ujs7DfnU9o+PShFhET78pMBl3eH+AGSI5eOTkPA==",
      "dev": true
    },
    "@types/pg": {
      "version": "7.14.3",
      "resolved": "https://registry.npmjs.org/@types/pg/-/pg-7.14.3.tgz",
      "integrity": "sha512-go5zddQ1FrUQHeBvqPzQ1svKo4KKucSwvqLsvwc/EIuQ9sxDA21b68xc/RwhzAK5pPCnez8NrkYatFIGdJBVvA==",
      "dev": true,
      "requires": {
        "@types/node": "*",
        "@types/pg-types": "*"
      }
    },
    "@types/pg-format": {
      "version": "1.0.0",
      "resolved": "https://registry.npmjs.org/@types/pg-format/-/pg-format-1.0.0.tgz",
      "integrity": "sha512-Lcj+hQ6k8l1yOe+q7jUq5WOH9QIp4HgAbXsP5M8Ml3jxsaaL4ZENPLvSnJoxYrVsMIIODjwZ0h7ctFgAIyYZFA==",
      "dev": true,
      "requires": {
        "@types/node": "*"
      }
    },
    "@types/pg-types": {
      "version": "1.11.5",
      "resolved": "https://registry.npmjs.org/@types/pg-types/-/pg-types-1.11.5.tgz",
      "integrity": "sha512-L8ogeT6vDzT1vxlW3KITTCt+BVXXVkLXfZ/XNm6UqbcJgxf+KPO7yjWx7dQQE8RW07KopL10x2gNMs41+IkMGQ==",
      "dev": true
    },
    "aws-sdk": {
      "version": "2.926.0",
      "resolved": "https://registry.npmjs.org/aws-sdk/-/aws-sdk-2.926.0.tgz",
      "integrity": "sha512-GFdAznnwxBxRPUTLP8gyFG8GhbUQ0sWwNCocYHkS/FB18hr8gmB3xv2m7VVWA/YkPDXvviPnoB680Z47VSEkqA==",
      "requires": {
        "buffer": "4.9.2",
        "events": "1.1.1",
        "ieee754": "1.1.13",
        "jmespath": "0.15.0",
        "querystring": "0.2.0",
        "sax": "1.2.1",
        "url": "0.10.3",
        "uuid": "3.3.2",
        "xml2js": "0.4.19"
      }
    },
    "base64-js": {
      "version": "1.5.1",
      "resolved": "https://registry.npmjs.org/base64-js/-/base64-js-1.5.1.tgz",
      "integrity": "sha512-AKpaYlHn8t4SVbOHCy+b5+KKgvR4vrsD8vbvrbiQJps7fKDTkjkDry6ji0rUJjC0kzbNePLwzxq8iypo41qeWA=="
    },
    "buffer": {
      "version": "4.9.2",
      "resolved": "https://registry.npmjs.org/buffer/-/buffer-4.9.2.tgz",
      "integrity": "sha512-xq+q3SRMOxGivLhBNaUdC64hDTQwejJ+H0T/NB1XMtTVEwNTrfFF3gAxiyW0Bu/xWEGhjVKgUcMhCrUy2+uCWg==",
      "requires": {
        "base64-js": "^1.0.2",
        "ieee754": "^1.1.4",
        "isarray": "^1.0.0"
      }
    },
    "buffer-writer": {
      "version": "2.0.0",
      "resolved": "https://registry.npmjs.org/buffer-writer/-/buffer-writer-2.0.0.tgz",
      "integrity": "sha512-a7ZpuTZU1TRtnwyCNW3I5dc0wWNC3VR9S++Ewyk2HHZdrO3CQJqSpd+95Us590V6AL7JqUAH2IwZ/398PmNFgw=="
    },
    "constructs": {
      "version": "3.0.3",
      "resolved": "https://registry.npmjs.org/constructs/-/constructs-3.0.3.tgz",
      "integrity": "sha512-JrYLpTlz92Un1jxkwoGiOiGoDjzIWtxo64sLC5FD4mQN1H9mAqZNvgxWYWaJIiWUXNkl5L5sO3GFf6peTj7UMQ==",
      "dev": true
    },
    "events": {
      "version": "1.1.1",
      "resolved": "https://registry.npmjs.org/events/-/events-1.1.1.tgz",
      "integrity": "sha1-nr23Y1rQmccNzEwqH1AEKI6L2SQ="
    },
    "ieee754": {
      "version": "1.1.13",
      "resolved": "https://registry.npmjs.org/ieee754/-/ieee754-1.1.13.tgz",
      "integrity": "sha512-4vf7I2LYV/HaWerSo3XmlMkp5eZ83i+/CDluXi/IGTs/O1sejBNhTtnxzmRZfvOUqj7lZjqHkeTvpgSFDlWZTg=="
    },
    "isarray": {
      "version": "1.0.0",
      "resolved": "https://registry.npmjs.org/isarray/-/isarray-1.0.0.tgz",
      "integrity": "sha1-u5NdSFgsuhaMBoNJV6VKPgcSTxE="
    },
    "jmespath": {
      "version": "0.15.0",
      "resolved": "https://registry.npmjs.org/jmespath/-/jmespath-0.15.0.tgz",
      "integrity": "sha1-o/Iiqarp+Wb10nx5ZRDigJF2Qhc="
    },
    "packet-reader": {
      "version": "1.0.0",
      "resolved": "https://registry.npmjs.org/packet-reader/-/packet-reader-1.0.0.tgz",
      "integrity": "sha512-HAKu/fG3HpHFO0AA8WE8q2g+gBJaZ9MG7fcKk+IJPLTGAD6Psw4443l+9DGRbOIh3/aXr7Phy0TjilYivJo5XQ=="
    },
    "pg": {
      "version": "8.0.3",
      "resolved": "https://registry.npmjs.org/pg/-/pg-8.0.3.tgz",
      "integrity": "sha512-fvcNXn4o/iq4jKq15Ix/e58q3jPSmzOp6/8C3CaHoSR/bsxdg+1FXfDRePdtE/zBb3++TytvOrS1hNef3WC/Kg==",
      "requires": {
        "buffer-writer": "2.0.0",
        "packet-reader": "1.0.0",
        "pg-connection-string": "0.1.3",
        "pg-pool": "^3.1.1",
        "pg-protocol": "^1.2.2",
        "pg-types": "^2.1.0",
        "pgpass": "1.x",
        "semver": "4.3.2"
      }
    },
    "pg-connection-string": {
      "version": "0.1.3",
      "resolved": "https://registry.npmjs.org/pg-connection-string/-/pg-connection-string-0.1.3.tgz",
      "integrity": "sha1-2hhHsglA5C7hSSvq9l1J2RskXfc="
    },
    "pg-format": {
      "version": "1.0.4",
      "resolved": "https://registry.npmjs.org/pg-format/-/pg-format-1.0.4.tgz",
      "integrity": "sha1-J3NCNsKtP05QZJFaWTNOIAQKgo4="
    },
    "pg-int8": {
      "version": "1.0.1",
      "resolved": "https://registry.npmjs.org/pg-int8/-/pg-int8-1.0.1.tgz",
      "integrity": "sha512-WCtabS6t3c8SkpDBUlb1kjOs7l66xsGdKpIPZsg4wR+B3+u9UAum2odSsF9tnvxg80h4ZxLWMy4pRjOsFIqQpw=="
    },
    "pg-pool": {
      "version": "3.2.1",
      "resolved": "https://registry.npmjs.org/pg-pool/-/pg-pool-3.2.1.tgz",
      "integrity": "sha512-BQDPWUeKenVrMMDN9opfns/kZo4lxmSWhIqo+cSAF7+lfi9ZclQbr9vfnlNaPr8wYF3UYjm5X0yPAhbcgqNOdA=="
    },
    "pg-protocol": {
      "version": "1.2.4",
      "resolved": "https://registry.npmjs.org/pg-protocol/-/pg-protocol-1.2.4.tgz",
      "integrity": "sha512-/8L/G+vW/VhWjTGXpGh8XVkXOFx1ZDY+Yuz//Ab8CfjInzFkreI+fDG3WjCeSra7fIZwAFxzbGptNbm8xSXenw=="
    },
    "pg-types": {
      "version": "2.2.0",
      "resolved": "https://registry.npmjs.org/pg-types/-/pg-types-2.2.0.tgz",
      "integrity": "sha512-qTAAlrEsl8s4OiEQY69wDvcMIdQN6wdz5ojQiOy6YRMuynxenON0O5oCpJI6lshc6scgAY8qvJ2On/p+CXY0GA==",
      "requires": {
        "pg-int8": "1.0.1",
        "postgres-array": "~2.0.0",
        "postgres-bytea": "~1.0.0",
        "postgres-date": "~1.0.4",
        "postgres-interval": "^1.1.0"
      }
    },
    "pgpass": {
      "version": "1.0.2",
      "resolved": "https://registry.npmjs.org/pgpass/-/pgpass-1.0.2.tgz",
      "integrity": "sha1-Knu0G2BltnkH6R2hsHwYR8h3swY=",
      "requires": {
        "split": "^1.0.0"
      }
    },
    "postgres-array": {
      "version": "2.0.0",
      "resolved": "https://registry.npmjs.org/postgres-array/-/postgres-array-2.0.0.tgz",
      "integrity": "sha512-VpZrUqU5A69eQyW2c5CA1jtLecCsN2U/bD6VilrFDWq5+5UIEVO7nazS3TEcHf1zuPYO/sqGvUvW62g86RXZuA=="
    },
    "postgres-bytea": {
      "version": "1.0.0",
      "resolved": "https://registry.npmjs.org/postgres-bytea/-/postgres-bytea-1.0.0.tgz",
      "integrity": "sha1-AntTPAqokOJtFy1Hz5zOzFIazTU="
    },
    "postgres-date": {
      "version": "1.0.5",
      "resolved": "https://registry.npmjs.org/postgres-date/-/postgres-date-1.0.5.tgz",
      "integrity": "sha512-pdau6GRPERdAYUQwkBnGKxEfPyhVZXG/JiS44iZWiNdSOWE09N2lUgN6yshuq6fVSon4Pm0VMXd1srUUkLe9iA=="
    },
    "postgres-interval": {
      "version": "1.2.0",
      "resolved": "https://registry.npmjs.org/postgres-interval/-/postgres-interval-1.2.0.tgz",
      "integrity": "sha512-9ZhXKM/rw350N1ovuWHbGxnGh/SNJ4cnxHiM0rxE4VN41wsg8P8zWn9hv/buK00RP4WvlOyr/RBDiptyxVbkZQ==",
      "requires": {
        "xtend": "^4.0.0"
      }
    },
    "punycode": {
      "version": "1.3.2",
      "resolved": "https://registry.npmjs.org/punycode/-/punycode-1.3.2.tgz",
      "integrity": "sha1-llOgNvt8HuQjQvIyXM7v6jkmxI0="
    },
    "querystring": {
      "version": "0.2.0",
      "resolved": "https://registry.npmjs.org/querystring/-/querystring-0.2.0.tgz",
      "integrity": "sha1-sgmEkgO7Jd+CDadW50cAWHhSFiA="
    },
    "sax": {
      "version": "1.2.1",
      "resolved": "https://registry.npmjs.org/sax/-/sax-1.2.1.tgz",
      "integrity": "sha1-e45lYZCyKOgaZq6nSEgNgozS03o="
    },
    "semver": {
      "version": "4.3.2",
      "resolved": "https://registry.npmjs.org/semver/-/semver-4.3.2.tgz",
      "integrity": "sha1-x6BxWKgL7dBSNVt3DYLWZA+AO+c="
    },
    "split": {
      "version": "1.0.1",
      "resolved": "https://registry.npmjs.org/split/-/split-1.0.1.tgz",
      "integrity": "sha512-mTyOoPbrivtXnwnIxZRFYRrPNtEFKlpB2fvjSnCQUiAA6qAZzqwna5envK4uk6OIeP17CsdF3rSBGYVBsU0Tkg==",
      "requires": {
        "through": "2"
      }
    },
    "through": {
      "version": "2.3.8",
      "resolved": "https://registry.npmjs.org/through/-/through-2.3.8.tgz",
      "integrity": "sha1-DdTJ/6q8NXlgsbckEV1+Doai4fU="
    },
    "url": {
      "version": "0.10.3",
      "resolved": "https://registry.npmjs.org/url/-/url-0.10.3.tgz",
      "integrity": "sha1-Ah5NnHcF8hu/N9A861h2dAJ3TGQ=",
      "requires": {
        "punycode": "1.3.2",
        "querystring": "0.2.0"
      }
    },
    "uuid": {
      "version": "3.3.2",
      "resolved": "https://registry.npmjs.org/uuid/-/uuid-3.3.2.tgz",
      "integrity": "sha512-yXJmeNaw3DnnKAOKJE51sL/ZaYfWJRl1pK9dr19YFCu0ObS231AB1/LbqTKRAQ5kw8A90rA6fr4riOUpTZvQZA=="
    },
    "xml2js": {
      "version": "0.4.19",
      "resolved": "https://registry.npmjs.org/xml2js/-/xml2js-0.4.19.tgz",
      "integrity": "sha512-esZnJZJOiJR9wWKMyuvSE1y6Dq5LCuJanqhxslH2bxM6duahNZ+HMpCLhBQGZkbX6xRf8x1Y2eJlgt2q3qo49Q==",
      "requires": {
        "sax": ">=0.6.0",
        "xmlbuilder": "~9.0.1"
      }
    },
    "xmlbuilder": {
      "version": "9.0.7",
      "resolved": "https://registry.npmjs.org/xmlbuilder/-/xmlbuilder-9.0.7.tgz",
      "integrity": "sha1-Ey7mPS7FVlxVfiD0wi35rKaGsQ0="
    },
    "xtend": {
      "version": "4.0.2",
      "resolved": "https://registry.npmjs.org/xtend/-/xtend-4.0.2.tgz",
      "integrity": "sha512-LKYU1iAXJXUgAXn9URjiu+MWhyUXHsvfp7mcuYm9dSUKK0/CjtrUwFAxD82/mCWbtLsGjFIad0wIsod4zrTAEQ=="
    }
  }
}
